
Microsoft Visual Studio Solution File, Format Version 12.00
# Visual Studio Version 17
VisualStudioVersion = 17.0.31903.59
MinimumVisualStudioVersion = 10.0.40219.1
Project("{FAE04EC0-301F-11D3-BF4B-00C04F79EFBC}") = "Dianome.Model", "Dianome.Model\Dianome.Model.csproj", "{569382AD-B84F-445E-B119-43D7A07148DD}"
EndProject
Project("{FAE04EC0-301F-11D3-BF4B-00C04F79EFBC}") = "Dianome.Aplication", "Dianome.Aplication\Dianome.Aplication.csproj", "{5B7454B7-6CA9-42D8-96D7-506CB68930A1}"
EndProject
Global
	GlobalSection(SolutionConfigurationPlatforms) = preSolution
		Debug|Any CPU = Debug|Any CPU
		Release|Any CPU = Release|Any CPU
	EndGlobalSection
	GlobalSection(SolutionProperties) = preSolution
		HideSolutionNode = FALSE
	EndGlobalSection
	GlobalSection(ProjectConfigurationPlatforms) = postSolution
		{569382AD-B84F-445E-B119-43D7A07148DD}.Debug|Any CPU.ActiveCfg = Debug|Any CPU
		{569382AD-B84F-445E-B119-43D7A07148DD}.Debug|Any CPU.Build.0 = Debug|Any CPU
		{569382AD-B84F-445E-B119-43D7A07148DD}.Release|Any CPU.ActiveCfg = Release|Any CPU
		{569382AD-B84F-445E-B119-43D7A07148DD}.Release|Any CPU.Build.0 = Release|Any CPU
		{5B7454B7-6CA9-42D8-96D7-506CB68930A1}.Debug|Any CPU.ActiveCfg = Debug|Any CPU
		{5B7454B7-6CA9-42D8-96D7-506CB68930A1}.Debug|Any CPU.Build.0 = Debug|Any CPU
		{5B7454B7-6CA9-42D8-96D7-506CB68930A1}.Release|Any CPU.ActiveCfg = Release|Any CPU
		{5B7454B7-6CA9-42D8-96D7-506CB68930A1}.Release|Any CPU.Build.0 = Release|Any CPU
	EndGlobalSection
EndGlobal
